// !$*UTF8*$!
{
	archiveVersion = 1;
	classes = {
	};
	objectVersion = 46;
	objects = {

/* Begin PBXBuildFile section */
		16DC644C1DF67A8900968C75 /* loading.gif in Resources */ = {isa = PBXBuildFile; fileRef = 16DC644B1DF67A8900968C75 /* loading.gif */; };
		5318C7D61DA435BD00FDEECA /* KeychainSwift.framework in Frameworks */ = {isa = PBXBuildFile; fileRef = 5318C7C11DA4356A00FDEECA /* KeychainSwift.framework */; };
		5318C7D71DA435BD00FDEECA /* KeychainSwift.framework in Embed Frameworks */ = {isa = PBXBuildFile; fileRef = 5318C7C11DA4356A00FDEECA /* KeychainSwift.framework */; settings = {ATTRIBUTES = (CodeSignOnCopy, RemoveHeadersOnCopy, ); }; };
		5339EAD31DA4484A00CF92DD /* PopularizeViewController.swift in Sources */ = {isa = PBXBuildFile; fileRef = 5339EAD21DA4484A00CF92DD /* PopularizeViewController.swift */; };
		5339EAEB1DA4577100CF92DD /* Searches.swift in Sources */ = {isa = PBXBuildFile; fileRef = 5339EAEA1DA4577100CF92DD /* Searches.swift */; };
		537F71EF1D9F030B007BD60A /* perception.png in Resources */ = {isa = PBXBuildFile; fileRef = 537F71EE1D9F030B007BD60A /* perception.png */; };
		538183521D907A9900F8E72A /* AppDelegate.swift in Sources */ = {isa = PBXBuildFile; fileRef = 538183511D907A9900F8E72A /* AppDelegate.swift */; };
		538183541D907A9900F8E72A /* ViewController.swift in Sources */ = {isa = PBXBuildFile; fileRef = 538183531D907A9900F8E72A /* ViewController.swift */; };
		538183571D907A9900F8E72A /* Main.storyboard in Resources */ = {isa = PBXBuildFile; fileRef = 538183551D907A9900F8E72A /* Main.storyboard */; };
		538183591D907A9900F8E72A /* Assets.xcassets in Resources */ = {isa = PBXBuildFile; fileRef = 538183581D907A9900F8E72A /* Assets.xcassets */; };
		5381835C1D907A9900F8E72A /* LaunchScreen.storyboard in Resources */ = {isa = PBXBuildFile; fileRef = 5381835A1D907A9900F8E72A /* LaunchScreen.storyboard */; };
		538183671D907A9900F8E72A /* perception_iosTests.swift in Sources */ = {isa = PBXBuildFile; fileRef = 538183661D907A9900F8E72A /* perception_iosTests.swift */; };
		538183721D907A9900F8E72A /* perception_iosUITests.swift in Sources */ = {isa = PBXBuildFile; fileRef = 538183711D907A9900F8E72A /* perception_iosUITests.swift */; };
		538183981D907C9300F8E72A /* Alamofire.framework in Frameworks */ = {isa = PBXBuildFile; fileRef = 5381838B1D907C7D00F8E72A /* Alamofire.framework */; };
		538183991D907C9300F8E72A /* Alamofire.framework in Embed Frameworks */ = {isa = PBXBuildFile; fileRef = 5381838B1D907C7D00F8E72A /* Alamofire.framework */; settings = {ATTRIBUTES = (CodeSignOnCopy, RemoveHeadersOnCopy, ); }; };
		5381839E1D907D1C00F8E72A /* Router.swift in Sources */ = {isa = PBXBuildFile; fileRef = 5381839D1D907D1C00F8E72A /* Router.swift */; };
		538183A11D90A61900F8E72A /* User.swift in Sources */ = {isa = PBXBuildFile; fileRef = 538183A01D90A61900F8E72A /* User.swift */; };
		53940A791DB592C000846FF0 /* UIOverlayView.swift in Sources */ = {isa = PBXBuildFile; fileRef = 53940A781DB592C000846FF0 /* UIOverlayView.swift */; };
		53A625621DB4603100B64CA4 /* FontAwesome.framework in Frameworks */ = {isa = PBXBuildFile; fileRef = 53A6254D1DB45FF300B64CA4 /* FontAwesome.framework */; };
		53A625631DB4603100B64CA4 /* FontAwesome.framework in Embed Frameworks */ = {isa = PBXBuildFile; fileRef = 53A6254D1DB45FF300B64CA4 /* FontAwesome.framework */; settings = {ATTRIBUTES = (CodeSignOnCopy, RemoveHeadersOnCopy, ); }; };
		53D97F9C1D9C8374005602C0 /* SwiftyJSON.framework in Frameworks */ = {isa = PBXBuildFile; fileRef = 53D97F8F1D9C8366005602C0 /* SwiftyJSON.framework */; };
		53D97F9D1D9C8374005602C0 /* SwiftyJSON.framework in Embed Frameworks */ = {isa = PBXBuildFile; fileRef = 53D97F8F1D9C8366005602C0 /* SwiftyJSON.framework */; settings = {ATTRIBUTES = (CodeSignOnCopy, RemoveHeadersOnCopy, ); }; };
		53E653D61D9DF85800C53B15 /* DashboardViewController.swift in Sources */ = {isa = PBXBuildFile; fileRef = 53E653D51D9DF85800C53B15 /* DashboardViewController.swift */; };
/* End PBXBuildFile section */

/* Begin PBXContainerItemProxy section */
		5318C7C01DA4356A00FDEECA /* PBXContainerItemProxy */ = {
			isa = PBXContainerItemProxy;
			containerPortal = 5318C7AD1DA4356A00FDEECA /* KeychainSwift.xcodeproj */;
			proxyType = 2;
			remoteGlobalIDString = 7ED6C96C1B1C118F00FE8090;
			remoteInfo = KeychainSwift;
		};
		5318C7C21DA4356A00FDEECA /* PBXContainerItemProxy */ = {
			isa = PBXContainerItemProxy;
			containerPortal = 5318C7AD1DA4356A00FDEECA /* KeychainSwift.xcodeproj */;
			proxyType = 2;
			remoteGlobalIDString = 232B4C7A1BC29950001F2B7A;
			remoteInfo = "KeychainSwift-macOS";
		};
		5318C7C41DA4356A00FDEECA /* PBXContainerItemProxy */ = {
			isa = PBXContainerItemProxy;
			containerPortal = 5318C7AD1DA4356A00FDEECA /* KeychainSwift.xcodeproj */;
			proxyType = 2;
			remoteGlobalIDString = 232B4C8A1BC29984001F2B7A;
			remoteInfo = "KeychainSwift-watchOS";
		};
		5318C7C61DA4356A00FDEECA /* PBXContainerItemProxy */ = {
			isa = PBXContainerItemProxy;
			containerPortal = 5318C7AD1DA4356A00FDEECA /* KeychainSwift.xcodeproj */;
			proxyType = 2;
			remoteGlobalIDString = 23E785601BDA410C00B7564A;
			remoteInfo = "KeychainSwift-tvOS";
		};
		5318C7C81DA4356A00FDEECA /* PBXContainerItemProxy */ = {
			isa = PBXContainerItemProxy;
			containerPortal = 5318C7AD1DA4356A00FDEECA /* KeychainSwift.xcodeproj */;
			proxyType = 2;
			remoteGlobalIDString = 7ED6C9771B1C118F00FE8090;
			remoteInfo = KeychainSwiftTests;
		};
		5318C7CA1DA4356A00FDEECA /* PBXContainerItemProxy */ = {
			isa = PBXContainerItemProxy;
			containerPortal = 5318C7AD1DA4356A00FDEECA /* KeychainSwift.xcodeproj */;
			proxyType = 2;
			remoteGlobalIDString = 7ED6C99D1B1C133500FE8090;
			remoteInfo = Demo;
		};
		5318C7CC1DA4356A00FDEECA /* PBXContainerItemProxy */ = {
			isa = PBXContainerItemProxy;
			containerPortal = 5318C7AD1DA4356A00FDEECA /* KeychainSwift.xcodeproj */;
			proxyType = 2;
			remoteGlobalIDString = 7E3A6B601D3F62C2007C5B1F;
			remoteInfo = "macOS Tests";
		};
		5318C7CE1DA4356A00FDEECA /* PBXContainerItemProxy */ = {
			isa = PBXContainerItemProxy;
			containerPortal = 5318C7AD1DA4356A00FDEECA /* KeychainSwift.xcodeproj */;
			proxyType = 2;
			remoteGlobalIDString = 7E3A6B7B1D3F6779007C5B1F;
			remoteInfo = "macOS Demo";
		};
		5318C7D81DA435BD00FDEECA /* PBXContainerItemProxy */ = {
			isa = PBXContainerItemProxy;
			containerPortal = 5318C7AD1DA4356A00FDEECA /* KeychainSwift.xcodeproj */;
			proxyType = 1;
			remoteGlobalIDString = 7ED6C96B1B1C118F00FE8090;
			remoteInfo = KeychainSwift;
		};
		538183631D907A9900F8E72A /* PBXContainerItemProxy */ = {
			isa = PBXContainerItemProxy;
			containerPortal = 538183461D907A9800F8E72A /* Project object */;
			proxyType = 1;
			remoteGlobalIDString = 5381834D1D907A9800F8E72A;
			remoteInfo = perception_ios;
		};
		5381836E1D907A9900F8E72A /* PBXContainerItemProxy */ = {
			isa = PBXContainerItemProxy;
			containerPortal = 538183461D907A9800F8E72A /* Project object */;
			proxyType = 1;
			remoteGlobalIDString = 5381834D1D907A9800F8E72A;
			remoteInfo = perception_ios;
		};
		5381838A1D907C7D00F8E72A /* PBXContainerItemProxy */ = {
			isa = PBXContainerItemProxy;
			containerPortal = 5381837F1D907C7C00F8E72A /* Alamofire.xcodeproj */;
			proxyType = 2;
			remoteGlobalIDString = F8111E3319A95C8B0040E7D1;
			remoteInfo = "Alamofire iOS";
		};
		5381838C1D907C7D00F8E72A /* PBXContainerItemProxy */ = {
			isa = PBXContainerItemProxy;
			containerPortal = 5381837F1D907C7C00F8E72A /* Alamofire.xcodeproj */;
			proxyType = 2;
			remoteGlobalIDString = F8111E3E19A95C8B0040E7D1;
			remoteInfo = "Alamofire iOS Tests";
		};
		5381838E1D907C7D00F8E72A /* PBXContainerItemProxy */ = {
			isa = PBXContainerItemProxy;
			containerPortal = 5381837F1D907C7C00F8E72A /* Alamofire.xcodeproj */;
			proxyType = 2;
			remoteGlobalIDString = 4DD67C0B1A5C55C900ED2280;
			remoteInfo = "Alamofire OSX";
		};
		538183901D907C7D00F8E72A /* PBXContainerItemProxy */ = {
			isa = PBXContainerItemProxy;
			containerPortal = 5381837F1D907C7C00F8E72A /* Alamofire.xcodeproj */;
			proxyType = 2;
			remoteGlobalIDString = F829C6B21A7A94F100A2CD59;
			remoteInfo = "Alamofire OSX Tests";
		};
		538183921D907C7D00F8E72A /* PBXContainerItemProxy */ = {
			isa = PBXContainerItemProxy;
			containerPortal = 5381837F1D907C7C00F8E72A /* Alamofire.xcodeproj */;
			proxyType = 2;
			remoteGlobalIDString = 4CF626EF1BA7CB3E0011A099;
			remoteInfo = "Alamofire tvOS";
		};
		538183941D907C7D00F8E72A /* PBXContainerItemProxy */ = {
			isa = PBXContainerItemProxy;
			containerPortal = 5381837F1D907C7C00F8E72A /* Alamofire.xcodeproj */;
			proxyType = 2;
			remoteGlobalIDString = 4CF626F81BA7CB3E0011A099;
			remoteInfo = "Alamofire tvOS Tests";
		};
		538183961D907C7D00F8E72A /* PBXContainerItemProxy */ = {
			isa = PBXContainerItemProxy;
			containerPortal = 5381837F1D907C7C00F8E72A /* Alamofire.xcodeproj */;
			proxyType = 2;
			remoteGlobalIDString = E4202FE01B667AA100C997FB;
			remoteInfo = "Alamofire watchOS";
		};
		5381839A1D907C9300F8E72A /* PBXContainerItemProxy */ = {
			isa = PBXContainerItemProxy;
			containerPortal = 5381837F1D907C7C00F8E72A /* Alamofire.xcodeproj */;
			proxyType = 1;
			remoteGlobalIDString = F8111E3219A95C8B0040E7D1;
			remoteInfo = "Alamofire iOS";
		};
		53A6254C1DB45FF300B64CA4 /* PBXContainerItemProxy */ = {
			isa = PBXContainerItemProxy;
			containerPortal = 53A6253F1DB45FF300B64CA4 /* FontAwesome.xcodeproj */;
			proxyType = 2;
			remoteGlobalIDString = 8401A8D21B39601400269D14;
			remoteInfo = FontAwesome;
		};
		53A6254E1DB45FF300B64CA4 /* PBXContainerItemProxy */ = {
			isa = PBXContainerItemProxy;
			containerPortal = 53A6253F1DB45FF300B64CA4 /* FontAwesome.xcodeproj */;
			proxyType = 2;
			remoteGlobalIDString = 8401A8DD1B39601400269D14;
			remoteInfo = FontAwesomeTests;
		};
		53A625501DB45FF300B64CA4 /* PBXContainerItemProxy */ = {
			isa = PBXContainerItemProxy;
			containerPortal = 53A6253F1DB45FF300B64CA4 /* FontAwesome.xcodeproj */;
			proxyType = 2;
			remoteGlobalIDString = 848937F91C6AF0660085F6D1;
			remoteInfo = "FontAwesome-watchOS";
		};
		53A625641DB4603100B64CA4 /* PBXContainerItemProxy */ = {
			isa = PBXContainerItemProxy;
			containerPortal = 53A6253F1DB45FF300B64CA4 /* FontAwesome.xcodeproj */;
			proxyType = 1;
			remoteGlobalIDString = 8401A8D11B39601400269D14;
			remoteInfo = FontAwesome;
		};
		53D97F8E1D9C8366005602C0 /* PBXContainerItemProxy */ = {
			isa = PBXContainerItemProxy;
			containerPortal = 53D97F841D9C8365005602C0 /* SwiftyJSON.xcodeproj */;
			proxyType = 2;
			remoteGlobalIDString = 2E4FEFDB19575BE100351305;
			remoteInfo = "SwiftyJSON iOS";
		};
		53D97F901D9C8366005602C0 /* PBXContainerItemProxy */ = {
			isa = PBXContainerItemProxy;
			containerPortal = 53D97F841D9C8365005602C0 /* SwiftyJSON.xcodeproj */;
			proxyType = 2;
			remoteGlobalIDString = 2E4FEFE619575BE100351305;
			remoteInfo = "SwiftyJSON iOS Tests";
		};
		53D97F921D9C8366005602C0 /* PBXContainerItemProxy */ = {
			isa = PBXContainerItemProxy;
			containerPortal = 53D97F841D9C8365005602C0 /* SwiftyJSON.xcodeproj */;
			proxyType = 2;
			remoteGlobalIDString = 9C7DFC5B1A9102BD005AA3F7;
			remoteInfo = "SwiftyJSON OSX";
		};
		53D97F941D9C8366005602C0 /* PBXContainerItemProxy */ = {
			isa = PBXContainerItemProxy;
			containerPortal = 53D97F841D9C8365005602C0 /* SwiftyJSON.xcodeproj */;
			proxyType = 2;
			remoteGlobalIDString = 9C7DFC651A9102BD005AA3F7;
			remoteInfo = "SwiftyJSON OSX Tests";
		};
		53D97F961D9C8366005602C0 /* PBXContainerItemProxy */ = {
			isa = PBXContainerItemProxy;
			containerPortal = 53D97F841D9C8365005602C0 /* SwiftyJSON.xcodeproj */;
			proxyType = 2;
			remoteGlobalIDString = E4D7CCE81B9465A700EE7221;
			remoteInfo = "SwiftyJSON watchOS";
		};
		53D97F981D9C8366005602C0 /* PBXContainerItemProxy */ = {
			isa = PBXContainerItemProxy;
			containerPortal = 53D97F841D9C8365005602C0 /* SwiftyJSON.xcodeproj */;
			proxyType = 2;
			remoteGlobalIDString = 7236B4F61BAC14150020529B;
			remoteInfo = "SwiftyJSON tvOS";
		};
		53D97F9A1D9C8366005602C0 /* PBXContainerItemProxy */ = {
			isa = PBXContainerItemProxy;
			containerPortal = 53D97F841D9C8365005602C0 /* SwiftyJSON.xcodeproj */;
			proxyType = 2;
			remoteGlobalIDString = A8580F741BCF5C5B00DA927B;
			remoteInfo = "SwiftyJSON tvOS Tests";
		};
		53D97F9E1D9C8374005602C0 /* PBXContainerItemProxy */ = {
			isa = PBXContainerItemProxy;
			containerPortal = 53D97F841D9C8365005602C0 /* SwiftyJSON.xcodeproj */;
			proxyType = 1;
			remoteGlobalIDString = 2E4FEFDA19575BE100351305;
			remoteInfo = "SwiftyJSON iOS";
		};
/* End PBXContainerItemProxy section */

/* Begin PBXCopyFilesBuildPhase section */
		5381839C1D907C9300F8E72A /* Embed Frameworks */ = {
			isa = PBXCopyFilesBuildPhase;
			buildActionMask = 2147483647;
			dstPath = "";
			dstSubfolderSpec = 10;
			files = (
				5318C7D71DA435BD00FDEECA /* KeychainSwift.framework in Embed Frameworks */,
				53A625631DB4603100B64CA4 /* FontAwesome.framework in Embed Frameworks */,
				53D97F9D1D9C8374005602C0 /* SwiftyJSON.framework in Embed Frameworks */,
				538183991D907C9300F8E72A /* Alamofire.framework in Embed Frameworks */,
			);
			name = "Embed Frameworks";
			runOnlyForDeploymentPostprocessing = 0;
		};
/* End PBXCopyFilesBuildPhase section */

/* Begin PBXFileReference section */
		16DC644B1DF67A8900968C75 /* loading.gif */ = {isa = PBXFileReference; lastKnownFileType = image.gif; name = loading.gif; path = ../../../Documents/loading.gif; sourceTree = "<group>"; };
		5318C7AD1DA4356A00FDEECA /* KeychainSwift.xcodeproj */ = {isa = PBXFileReference; lastKnownFileType = "wrapper.pb-project"; name = KeychainSwift.xcodeproj; path = "keychain-swift/KeychainSwift.xcodeproj"; sourceTree = "<group>"; };
		5339EAD21DA4484A00CF92DD /* PopularizeViewController.swift */ = {isa = PBXFileReference; fileEncoding = 4; lastKnownFileType = sourcecode.swift; path = PopularizeViewController.swift; sourceTree = "<group>"; };
		5339EAE91DA455E500CF92DD /* perception_ios.entitlements */ = {isa = PBXFileReference; lastKnownFileType = text.plist.entitlements; path = perception_ios.entitlements; sourceTree = "<group>"; };
		5339EAEA1DA4577100CF92DD /* Searches.swift */ = {isa = PBXFileReference; fileEncoding = 4; lastKnownFileType = sourcecode.swift; path = Searches.swift; sourceTree = "<group>"; };
		537F71EE1D9F030B007BD60A /* perception.png */ = {isa = PBXFileReference; lastKnownFileType = image.png; path = perception.png; sourceTree = "<group>"; };
		5381834E1D907A9800F8E72A /* perception_ios.app */ = {isa = PBXFileReference; explicitFileType = wrapper.application; includeInIndex = 0; path = perception_ios.app; sourceTree = BUILT_PRODUCTS_DIR; };
		538183511D907A9900F8E72A /* AppDelegate.swift */ = {isa = PBXFileReference; lastKnownFileType = sourcecode.swift; path = AppDelegate.swift; sourceTree = "<group>"; };
		538183531D907A9900F8E72A /* ViewController.swift */ = {isa = PBXFileReference; lastKnownFileType = sourcecode.swift; path = ViewController.swift; sourceTree = "<group>"; };
		538183561D907A9900F8E72A /* Base */ = {isa = PBXFileReference; lastKnownFileType = file.storyboard; name = Base; path = Base.lproj/Main.storyboard; sourceTree = "<group>"; };
		538183581D907A9900F8E72A /* Assets.xcassets */ = {isa = PBXFileReference; lastKnownFileType = folder.assetcatalog; path = Assets.xcassets; sourceTree = "<group>"; };
		5381835B1D907A9900F8E72A /* Base */ = {isa = PBXFileReference; lastKnownFileType = file.storyboard; name = Base; path = Base.lproj/LaunchScreen.storyboard; sourceTree = "<group>"; };
		5381835D1D907A9900F8E72A /* Info.plist */ = {isa = PBXFileReference; lastKnownFileType = text.plist.xml; path = Info.plist; sourceTree = "<group>"; };
		538183621D907A9900F8E72A /* perception_iosTests.xctest */ = {isa = PBXFileReference; explicitFileType = wrapper.cfbundle; includeInIndex = 0; path = perception_iosTests.xctest; sourceTree = BUILT_PRODUCTS_DIR; };
		538183661D907A9900F8E72A /* perception_iosTests.swift */ = {isa = PBXFileReference; lastKnownFileType = sourcecode.swift; path = perception_iosTests.swift; sourceTree = "<group>"; };
		538183681D907A9900F8E72A /* Info.plist */ = {isa = PBXFileReference; lastKnownFileType = text.plist.xml; path = Info.plist; sourceTree = "<group>"; };
		5381836D1D907A9900F8E72A /* perception_iosUITests.xctest */ = {isa = PBXFileReference; explicitFileType = wrapper.cfbundle; includeInIndex = 0; path = perception_iosUITests.xctest; sourceTree = BUILT_PRODUCTS_DIR; };
		538183711D907A9900F8E72A /* perception_iosUITests.swift */ = {isa = PBXFileReference; lastKnownFileType = sourcecode.swift; path = perception_iosUITests.swift; sourceTree = "<group>"; };
		538183731D907A9900F8E72A /* Info.plist */ = {isa = PBXFileReference; lastKnownFileType = text.plist.xml; path = Info.plist; sourceTree = "<group>"; };
		5381837F1D907C7C00F8E72A /* Alamofire.xcodeproj */ = {isa = PBXFileReference; lastKnownFileType = "wrapper.pb-project"; name = Alamofire.xcodeproj; path = Alamofire/Alamofire.xcodeproj; sourceTree = "<group>"; };
		5381839D1D907D1C00F8E72A /* Router.swift */ = {isa = PBXFileReference; fileEncoding = 4; lastKnownFileType = sourcecode.swift; path = Router.swift; sourceTree = "<group>"; };
		538183A01D90A61900F8E72A /* User.swift */ = {isa = PBXFileReference; fileEncoding = 4; lastKnownFileType = sourcecode.swift; path = User.swift; sourceTree = "<group>"; };
		53940A781DB592C000846FF0 /* UIOverlayView.swift */ = {isa = PBXFileReference; fileEncoding = 4; lastKnownFileType = sourcecode.swift; path = UIOverlayView.swift; sourceTree = "<group>"; };
		53A6253F1DB45FF300B64CA4 /* FontAwesome.xcodeproj */ = {isa = PBXFileReference; lastKnownFileType = "wrapper.pb-project"; name = FontAwesome.xcodeproj; path = FontAwesome.swift/FontAwesome.xcodeproj; sourceTree = "<group>"; };
		53D97F841D9C8365005602C0 /* SwiftyJSON.xcodeproj */ = {isa = PBXFileReference; lastKnownFileType = "wrapper.pb-project"; name = SwiftyJSON.xcodeproj; path = SwiftyJSON/SwiftyJSON.xcodeproj; sourceTree = "<group>"; };
		53E653D51D9DF85800C53B15 /* DashboardViewController.swift */ = {isa = PBXFileReference; fileEncoding = 4; lastKnownFileType = sourcecode.swift; path = DashboardViewController.swift; sourceTree = "<group>"; };
/* End PBXFileReference section */

/* Begin PBXFrameworksBuildPhase section */
		5381834B1D907A9800F8E72A /* Frameworks */ = {
			isa = PBXFrameworksBuildPhase;
			buildActionMask = 2147483647;
			files = (
				5318C7D61DA435BD00FDEECA /* KeychainSwift.framework in Frameworks */,
				53A625621DB4603100B64CA4 /* FontAwesome.framework in Frameworks */,
				53D97F9C1D9C8374005602C0 /* SwiftyJSON.framework in Frameworks */,
				538183981D907C9300F8E72A /* Alamofire.framework in Frameworks */,
			);
			runOnlyForDeploymentPostprocessing = 0;
		};
		5381835F1D907A9900F8E72A /* Frameworks */ = {
			isa = PBXFrameworksBuildPhase;
			buildActionMask = 2147483647;
			files = (
			);
			runOnlyForDeploymentPostprocessing = 0;
		};
		5381836A1D907A9900F8E72A /* Frameworks */ = {
			isa = PBXFrameworksBuildPhase;
			buildActionMask = 2147483647;
			files = (
			);
			runOnlyForDeploymentPostprocessing = 0;
		};
/* End PBXFrameworksBuildPhase section */

/* Begin PBXGroup section */
		5318C7AE1DA4356A00FDEECA /* Products */ = {
			isa = PBXGroup;
			children = (
				5318C7C11DA4356A00FDEECA /* KeychainSwift.framework */,
				5318C7C31DA4356A00FDEECA /* KeychainSwift.framework */,
				5318C7C51DA4356A00FDEECA /* KeychainSwift.framework */,
				5318C7C71DA4356A00FDEECA /* KeychainSwift.framework */,
				5318C7C91DA4356A00FDEECA /* KeychainSwiftTests.xctest */,
				5318C7CB1DA4356A00FDEECA /* Keychain Swift.app */,
				5318C7CD1DA4356A00FDEECA /* macOS Tests.xctest */,
				5318C7CF1DA4356A00FDEECA /* macOS Demo.app */,
			);
			name = Products;
			sourceTree = "<group>";
		};
		537F71DE1D9EE935007BD60A /* Images */ = {
			isa = PBXGroup;
			children = (
				16DC644B1DF67A8900968C75 /* loading.gif */,
				537F71EE1D9F030B007BD60A /* perception.png */,
			);
			name = Images;
			sourceTree = "<group>";
		};
		538183451D907A9800F8E72A = {
			isa = PBXGroup;
			children = (
				53A6253F1DB45FF300B64CA4 /* FontAwesome.xcodeproj */,
				5318C7AD1DA4356A00FDEECA /* KeychainSwift.xcodeproj */,
				53D97F841D9C8365005602C0 /* SwiftyJSON.xcodeproj */,
				5381837F1D907C7C00F8E72A /* Alamofire.xcodeproj */,
				538183501D907A9900F8E72A /* perception_ios */,
				538183651D907A9900F8E72A /* perception_iosTests */,
				538183701D907A9900F8E72A /* perception_iosUITests */,
				5381834F1D907A9800F8E72A /* Products */,
			);
			sourceTree = "<group>";
		};
		5381834F1D907A9800F8E72A /* Products */ = {
			isa = PBXGroup;
			children = (
				5381834E1D907A9800F8E72A /* perception_ios.app */,
				538183621D907A9900F8E72A /* perception_iosTests.xctest */,
				5381836D1D907A9900F8E72A /* perception_iosUITests.xctest */,
			);
			name = Products;
			sourceTree = "<group>";
		};
		538183501D907A9900F8E72A /* perception_ios */ = {
			isa = PBXGroup;
			children = (
				53940A771DB5928A00846FF0 /* Helpers */,
				5339EAE91DA455E500CF92DD /* perception_ios.entitlements */,
				537F71DE1D9EE935007BD60A /* Images */,
				5381839F1D90A60D00F8E72A /* Models */,
				538183511D907A9900F8E72A /* AppDelegate.swift */,
				538183531D907A9900F8E72A /* ViewController.swift */,
				538183551D907A9900F8E72A /* Main.storyboard */,
				538183581D907A9900F8E72A /* Assets.xcassets */,
				5381835A1D907A9900F8E72A /* LaunchScreen.storyboard */,
				5381835D1D907A9900F8E72A /* Info.plist */,
				5381839D1D907D1C00F8E72A /* Router.swift */,
				53E653D51D9DF85800C53B15 /* DashboardViewController.swift */,
				5339EAD21DA4484A00CF92DD /* PopularizeViewController.swift */,
			);
			path = perception_ios;
			sourceTree = "<group>";
		};
		538183651D907A9900F8E72A /* perception_iosTests */ = {
			isa = PBXGroup;
			children = (
				538183661D907A9900F8E72A /* perception_iosTests.swift */,
				538183681D907A9900F8E72A /* Info.plist */,
			);
			path = perception_iosTests;
			sourceTree = "<group>";
		};
		538183701D907A9900F8E72A /* perception_iosUITests */ = {
			isa = PBXGroup;
			children = (
				538183711D907A9900F8E72A /* perception_iosUITests.swift */,
				538183731D907A9900F8E72A /* Info.plist */,
			);
			path = perception_iosUITests;
			sourceTree = "<group>";
		};
		538183801D907C7C00F8E72A /* Products */ = {
			isa = PBXGroup;
			children = (
				5381838B1D907C7D00F8E72A /* Alamofire.framework */,
				5381838D1D907C7D00F8E72A /* Alamofire iOS Tests.xctest */,
				5381838F1D907C7D00F8E72A /* Alamofire.framework */,
				538183911D907C7D00F8E72A /* Alamofire macOS Tests.xctest */,
				538183931D907C7D00F8E72A /* Alamofire.framework */,
				538183951D907C7D00F8E72A /* Alamofire tvOS Tests.xctest */,
				538183971D907C7D00F8E72A /* Alamofire.framework */,
			);
			name = Products;
			sourceTree = "<group>";
		};
		5381839F1D90A60D00F8E72A /* Models */ = {
			isa = PBXGroup;
			children = (
				538183A01D90A61900F8E72A /* User.swift */,
				5339EAEA1DA4577100CF92DD /* Searches.swift */,
			);
			name = Models;
			sourceTree = "<group>";
		};
		53940A771DB5928A00846FF0 /* Helpers */ = {
			isa = PBXGroup;
			children = (
				53940A781DB592C000846FF0 /* UIOverlayView.swift */,
			);
			name = Helpers;
			sourceTree = "<group>";
		};
		53A625401DB45FF300B64CA4 /* Products */ = {
			isa = PBXGroup;
			children = (
				53A6254D1DB45FF300B64CA4 /* FontAwesome.framework */,
				53A6254F1DB45FF300B64CA4 /* FontAwesomeTests.xctest */,
				53A625511DB45FF300B64CA4 /* FontAwesome.framework */,
			);
			name = Products;
			sourceTree = "<group>";
		};
		53D97F851D9C8365005602C0 /* Products */ = {
			isa = PBXGroup;
			children = (
				53D97F8F1D9C8366005602C0 /* SwiftyJSON.framework */,
				53D97F911D9C8366005602C0 /* SwiftyJSON iOS Tests.xctest */,
				53D97F931D9C8366005602C0 /* SwiftyJSON.framework */,
				53D97F951D9C8366005602C0 /* SwiftyJSON OSX Tests.xctest */,
				53D97F971D9C8366005602C0 /* SwiftyJSON.framework */,
				53D97F991D9C8366005602C0 /* SwiftyJSON.framework */,
				53D97F9B1D9C8366005602C0 /* SwiftyJSON tvOS Tests.xctest */,
			);
			name = Products;
			sourceTree = "<group>";
		};
/* End PBXGroup section */

/* Begin PBXNativeTarget section */
		5381834D1D907A9800F8E72A /* perception_ios */ = {
			isa = PBXNativeTarget;
			buildConfigurationList = 538183761D907A9900F8E72A /* Build configuration list for PBXNativeTarget "perception_ios" */;
			buildPhases = (
				5381834A1D907A9800F8E72A /* Sources */,
				5381834B1D907A9800F8E72A /* Frameworks */,
				5381834C1D907A9800F8E72A /* Resources */,
				5381839C1D907C9300F8E72A /* Embed Frameworks */,
			);
			buildRules = (
			);
			dependencies = (
				5381839B1D907C9300F8E72A /* PBXTargetDependency */,
				53D97F9F1D9C8374005602C0 /* PBXTargetDependency */,
				5318C7D91DA435BD00FDEECA /* PBXTargetDependency */,
				53A625651DB4603100B64CA4 /* PBXTargetDependency */,
			);
			name = perception_ios;
			productName = perception_ios;
			productReference = 5381834E1D907A9800F8E72A /* perception_ios.app */;
			productType = "com.apple.product-type.application";
		};
		538183611D907A9900F8E72A /* perception_iosTests */ = {
			isa = PBXNativeTarget;
			buildConfigurationList = 538183791D907A9900F8E72A /* Build configuration list for PBXNativeTarget "perception_iosTests" */;
			buildPhases = (
				5381835E1D907A9900F8E72A /* Sources */,
				5381835F1D907A9900F8E72A /* Frameworks */,
				538183601D907A9900F8E72A /* Resources */,
			);
			buildRules = (
			);
			dependencies = (
				538183641D907A9900F8E72A /* PBXTargetDependency */,
			);
			name = perception_iosTests;
			productName = perception_iosTests;
			productReference = 538183621D907A9900F8E72A /* perception_iosTests.xctest */;
			productType = "com.apple.product-type.bundle.unit-test";
		};
		5381836C1D907A9900F8E72A /* perception_iosUITests */ = {
			isa = PBXNativeTarget;
			buildConfigurationList = 5381837C1D907A9900F8E72A /* Build configuration list for PBXNativeTarget "perception_iosUITests" */;
			buildPhases = (
				538183691D907A9900F8E72A /* Sources */,
				5381836A1D907A9900F8E72A /* Frameworks */,
				5381836B1D907A9900F8E72A /* Resources */,
			);
			buildRules = (
			);
			dependencies = (
				5381836F1D907A9900F8E72A /* PBXTargetDependency */,
			);
			name = perception_iosUITests;
			productName = perception_iosUITests;
			productReference = 5381836D1D907A9900F8E72A /* perception_iosUITests.xctest */;
			productType = "com.apple.product-type.bundle.ui-testing";
		};
/* End PBXNativeTarget section */

/* Begin PBXProject section */
		538183461D907A9800F8E72A /* Project object */ = {
			isa = PBXProject;
			attributes = {
				LastSwiftUpdateCheck = 0800;
				LastUpgradeCheck = 0800;
				ORGANIZATIONNAME = Harvin;
				TargetAttributes = {
					5381834D1D907A9800F8E72A = {
						CreatedOnToolsVersion = 8.0;
						DevelopmentTeam = Q3Q7QT67NG;
						ProvisioningStyle = Automatic;
						SystemCapabilities = {
							com.apple.Keychain = {
								enabled = 1;
							};
						};
					};
					538183611D907A9900F8E72A = {
						CreatedOnToolsVersion = 8.0;
						ProvisioningStyle = Automatic;
						TestTargetID = 5381834D1D907A9800F8E72A;
					};
					5381836C1D907A9900F8E72A = {
						CreatedOnToolsVersion = 8.0;
						ProvisioningStyle = Automatic;
						TestTargetID = 5381834D1D907A9800F8E72A;
					};
				};
			};
			buildConfigurationList = 538183491D907A9800F8E72A /* Build configuration list for PBXProject "perception_ios" */;
			compatibilityVersion = "Xcode 3.2";
			developmentRegion = English;
			hasScannedForEncodings = 0;
			knownRegions = (
				en,
				Base,
			);
			mainGroup = 538183451D907A9800F8E72A;
			productRefGroup = 5381834F1D907A9800F8E72A /* Products */;
			projectDirPath = "";
			projectReferences = (
				{
					ProductGroup = 538183801D907C7C00F8E72A /* Products */;
					ProjectRef = 5381837F1D907C7C00F8E72A /* Alamofire.xcodeproj */;
				},
				{
					ProductGroup = 53A625401DB45FF300B64CA4 /* Products */;
					ProjectRef = 53A6253F1DB45FF300B64CA4 /* FontAwesome.xcodeproj */;
				},
				{
					ProductGroup = 5318C7AE1DA4356A00FDEECA /* Products */;
					ProjectRef = 5318C7AD1DA4356A00FDEECA /* KeychainSwift.xcodeproj */;
				},
				{
					ProductGroup = 53D97F851D9C8365005602C0 /* Products */;
					ProjectRef = 53D97F841D9C8365005602C0 /* SwiftyJSON.xcodeproj */;
				},
			);
			projectRoot = "";
			targets = (
				5381834D1D907A9800F8E72A /* perception_ios */,
				538183611D907A9900F8E72A /* perception_iosTests */,
				5381836C1D907A9900F8E72A /* perception_iosUITests */,
			);
		};
/* End PBXProject section */

/* Begin PBXReferenceProxy section */
		5318C7C11DA4356A00FDEECA /* KeychainSwift.framework */ = {
			isa = PBXReferenceProxy;
			fileType = wrapper.framework;
			path = KeychainSwift.framework;
			remoteRef = 5318C7C01DA4356A00FDEECA /* PBXContainerItemProxy */;
			sourceTree = BUILT_PRODUCTS_DIR;
		};
		5318C7C31DA4356A00FDEECA /* KeychainSwift.framework */ = {
			isa = PBXReferenceProxy;
			fileType = wrapper.framework;
			path = KeychainSwift.framework;
			remoteRef = 5318C7C21DA4356A00FDEECA /* PBXContainerItemProxy */;
			sourceTree = BUILT_PRODUCTS_DIR;
		};
		5318C7C51DA4356A00FDEECA /* KeychainSwift.framework */ = {
			isa = PBXReferenceProxy;
			fileType = wrapper.framework;
			path = KeychainSwift.framework;
			remoteRef = 5318C7C41DA4356A00FDEECA /* PBXContainerItemProxy */;
			sourceTree = BUILT_PRODUCTS_DIR;
		};
		5318C7C71DA4356A00FDEECA /* KeychainSwift.framework */ = {
			isa = PBXReferenceProxy;
			fileType = wrapper.framework;
			path = KeychainSwift.framework;
			remoteRef = 5318C7C61DA4356A00FDEECA /* PBXContainerItemProxy */;
			sourceTree = BUILT_PRODUCTS_DIR;
		};
		5318C7C91DA4356A00FDEECA /* KeychainSwiftTests.xctest */ = {
			isa = PBXReferenceProxy;
			fileType = wrapper.cfbundle;
			path = KeychainSwiftTests.xctest;
			remoteRef = 5318C7C81DA4356A00FDEECA /* PBXContainerItemProxy */;
			sourceTree = BUILT_PRODUCTS_DIR;
		};
		5318C7CB1DA4356A00FDEECA /* Keychain Swift.app */ = {
			isa = PBXReferenceProxy;
			fileType = wrapper.application;
			path = "Keychain Swift.app";
			remoteRef = 5318C7CA1DA4356A00FDEECA /* PBXContainerItemProxy */;
			sourceTree = BUILT_PRODUCTS_DIR;
		};
		5318C7CD1DA4356A00FDEECA /* macOS Tests.xctest */ = {
			isa = PBXReferenceProxy;
			fileType = wrapper.cfbundle;
			path = "macOS Tests.xctest";
			remoteRef = 5318C7CC1DA4356A00FDEECA /* PBXContainerItemProxy */;
			sourceTree = BUILT_PRODUCTS_DIR;
		};
		5318C7CF1DA4356A00FDEECA /* macOS Demo.app */ = {
			isa = PBXReferenceProxy;
			fileType = wrapper.application;
			path = "macOS Demo.app";
			remoteRef = 5318C7CE1DA4356A00FDEECA /* PBXContainerItemProxy */;
			sourceTree = BUILT_PRODUCTS_DIR;
		};
		5381838B1D907C7D00F8E72A /* Alamofire.framework */ = {
			isa = PBXReferenceProxy;
			fileType = wrapper.framework;
			path = Alamofire.framework;
			remoteRef = 5381838A1D907C7D00F8E72A /* PBXContainerItemProxy */;
			sourceTree = BUILT_PRODUCTS_DIR;
		};
		5381838D1D907C7D00F8E72A /* Alamofire iOS Tests.xctest */ = {
			isa = PBXReferenceProxy;
			fileType = wrapper.cfbundle;
			path = "Alamofire iOS Tests.xctest";
			remoteRef = 5381838C1D907C7D00F8E72A /* PBXContainerItemProxy */;
			sourceTree = BUILT_PRODUCTS_DIR;
		};
		5381838F1D907C7D00F8E72A /* Alamofire.framework */ = {
			isa = PBXReferenceProxy;
			fileType = wrapper.framework;
			path = Alamofire.framework;
			remoteRef = 5381838E1D907C7D00F8E72A /* PBXContainerItemProxy */;
			sourceTree = BUILT_PRODUCTS_DIR;
		};
		538183911D907C7D00F8E72A /* Alamofire macOS Tests.xctest */ = {
			isa = PBXReferenceProxy;
			fileType = wrapper.cfbundle;
			path = "Alamofire macOS Tests.xctest";
			remoteRef = 538183901D907C7D00F8E72A /* PBXContainerItemProxy */;
			sourceTree = BUILT_PRODUCTS_DIR;
		};
		538183931D907C7D00F8E72A /* Alamofire.framework */ = {
			isa = PBXReferenceProxy;
			fileType = wrapper.framework;
			path = Alamofire.framework;
			remoteRef = 538183921D907C7D00F8E72A /* PBXContainerItemProxy */;
			sourceTree = BUILT_PRODUCTS_DIR;
		};
		538183951D907C7D00F8E72A /* Alamofire tvOS Tests.xctest */ = {
			isa = PBXReferenceProxy;
			fileType = wrapper.cfbundle;
			path = "Alamofire tvOS Tests.xctest";
			remoteRef = 538183941D907C7D00F8E72A /* PBXContainerItemProxy */;
			sourceTree = BUILT_PRODUCTS_DIR;
		};
		538183971D907C7D00F8E72A /* Alamofire.framework */ = {
			isa = PBXReferenceProxy;
			fileType = wrapper.framework;
			path = Alamofire.framework;
			remoteRef = 538183961D907C7D00F8E72A /* PBXContainerItemProxy */;
			sourceTree = BUILT_PRODUCTS_DIR;
		};
		53A6254D1DB45FF300B64CA4 /* FontAwesome.framework */ = {
			isa = PBXReferenceProxy;
			fileType = wrapper.framework;
			path = FontAwesome.framework;
			remoteRef = 53A6254C1DB45FF300B64CA4 /* PBXContainerItemProxy */;
			sourceTree = BUILT_PRODUCTS_DIR;
		};
		53A6254F1DB45FF300B64CA4 /* FontAwesomeTests.xctest */ = {
			isa = PBXReferenceProxy;
			fileType = wrapper.cfbundle;
			path = FontAwesomeTests.xctest;
			remoteRef = 53A6254E1DB45FF300B64CA4 /* PBXContainerItemProxy */;
			sourceTree = BUILT_PRODUCTS_DIR;
		};
		53A625511DB45FF300B64CA4 /* FontAwesome.framework */ = {
			isa = PBXReferenceProxy;
			fileType = wrapper.framework;
			path = FontAwesome.framework;
			remoteRef = 53A625501DB45FF300B64CA4 /* PBXContainerItemProxy */;
			sourceTree = BUILT_PRODUCTS_DIR;
		};
		53D97F8F1D9C8366005602C0 /* SwiftyJSON.framework */ = {
			isa = PBXReferenceProxy;
			fileType = wrapper.framework;
			path = SwiftyJSON.framework;
			remoteRef = 53D97F8E1D9C8366005602C0 /* PBXContainerItemProxy */;
			sourceTree = BUILT_PRODUCTS_DIR;
		};
		53D97F911D9C8366005602C0 /* SwiftyJSON iOS Tests.xctest */ = {
			isa = PBXReferenceProxy;
			fileType = wrapper.cfbundle;
			path = "SwiftyJSON iOS Tests.xctest";
			remoteRef = 53D97F901D9C8366005602C0 /* PBXContainerItemProxy */;
			sourceTree = BUILT_PRODUCTS_DIR;
		};
		53D97F931D9C8366005602C0 /* SwiftyJSON.framework */ = {
			isa = PBXReferenceProxy;
			fileType = wrapper.framework;
			path = SwiftyJSON.framework;
			remoteRef = 53D97F921D9C8366005602C0 /* PBXContainerItemProxy */;
			sourceTree = BUILT_PRODUCTS_DIR;
		};
		53D97F951D9C8366005602C0 /* SwiftyJSON OSX Tests.xctest */ = {
			isa = PBXReferenceProxy;
			fileType = wrapper.cfbundle;
			path = "SwiftyJSON OSX Tests.xctest";
			remoteRef = 53D97F941D9C8366005602C0 /* PBXContainerItemProxy */;
			sourceTree = BUILT_PRODUCTS_DIR;
		};
		53D97F971D9C8366005602C0 /* SwiftyJSON.framework */ = {
			isa = PBXReferenceProxy;
			fileType = wrapper.framework;
			path = SwiftyJSON.framework;
			remoteRef = 53D97F961D9C8366005602C0 /* PBXContainerItemProxy */;
			sourceTree = BUILT_PRODUCTS_DIR;
		};
		53D97F991D9C8366005602C0 /* SwiftyJSON.framework */ = {
			isa = PBXReferenceProxy;
			fileType = wrapper.framework;
			path = SwiftyJSON.framework;
			remoteRef = 53D97F981D9C8366005602C0 /* PBXContainerItemProxy */;
			sourceTree = BUILT_PRODUCTS_DIR;
		};
		53D97F9B1D9C8366005602C0 /* SwiftyJSON tvOS Tests.xctest */ = {
			isa = PBXReferenceProxy;
			fileType = wrapper.cfbundle;
			path = "SwiftyJSON tvOS Tests.xctest";
			remoteRef = 53D97F9A1D9C8366005602C0 /* PBXContainerItemProxy */;
			sourceTree = BUILT_PRODUCTS_DIR;
		};
/* End PBXReferenceProxy section */

/* Begin PBXResourcesBuildPhase section */
		5381834C1D907A9800F8E72A /* Resources */ = {
			isa = PBXResourcesBuildPhase;
			buildActionMask = 2147483647;
			files = (
				5381835C1D907A9900F8E72A /* LaunchScreen.storyboard in Resources */,
				538183591D907A9900F8E72A /* Assets.xcassets in Resources */,
				16DC644C1DF67A8900968C75 /* loading.gif in Resources */,
				537F71EF1D9F030B007BD60A /* perception.png in Resources */,
				538183571D907A9900F8E72A /* Main.storyboard in Resources */,
			);
			runOnlyForDeploymentPostprocessing = 0;
		};
		538183601D907A9900F8E72A /* Resources */ = {
			isa = PBXResourcesBuildPhase;
			buildActionMask = 2147483647;
			files = (
			);
			runOnlyForDeploymentPostprocessing = 0;
		};
		5381836B1D907A9900F8E72A /* Resources */ = {
			isa = PBXResourcesBuildPhase;
			buildActionMask = 2147483647;
			files = (
			);
			runOnlyForDeploymentPostprocessing = 0;
		};
/* End PBXResourcesBuildPhase section */

/* Begin PBXSourcesBuildPhase section */
		5381834A1D907A9800F8E72A /* Sources */ = {
			isa = PBXSourcesBuildPhase;
			buildActionMask = 2147483647;
			files = (
				538183A11D90A61900F8E72A /* User.swift in Sources */,
				53940A791DB592C000846FF0 /* UIOverlayView.swift in Sources */,
				538183541D907A9900F8E72A /* ViewController.swift in Sources */,
				53E653D61D9DF85800C53B15 /* DashboardViewController.swift in Sources */,
				5339EAEB1DA4577100CF92DD /* Searches.swift in Sources */,
				5381839E1D907D1C00F8E72A /* Router.swift in Sources */,
				538183521D907A9900F8E72A /* AppDelegate.swift in Sources */,
				5339EAD31DA4484A00CF92DD /* PopularizeViewController.swift in Sources */,
			);
			runOnlyForDeploymentPostprocessing = 0;
		};
		5381835E1D907A9900F8E72A /* Sources */ = {
			isa = PBXSourcesBuildPhase;
			buildActionMask = 2147483647;
			files = (
				538183671D907A9900F8E72A /* perception_iosTests.swift in Sources */,
			);
			runOnlyForDeploymentPostprocessing = 0;
		};
		538183691D907A9900F8E72A /* Sources */ = {
			isa = PBXSourcesBuildPhase;
			buildActionMask = 2147483647;
			files = (
				538183721D907A9900F8E72A /* perception_iosUITests.swift in Sources */,
			);
			runOnlyForDeploymentPostprocessing = 0;
		};
/* End PBXSourcesBuildPhase section */

/* Begin PBXTargetDependency section */
		5318C7D91DA435BD00FDEECA /* PBXTargetDependency */ = {
			isa = PBXTargetDependency;
			name = KeychainSwift;
			targetProxy = 5318C7D81DA435BD00FDEECA /* PBXContainerItemProxy */;
		};
		538183641D907A9900F8E72A /* PBXTargetDependency */ = {
			isa = PBXTargetDependency;
			target = 5381834D1D907A9800F8E72A /* perception_ios */;
			targetProxy = 538183631D907A9900F8E72A /* PBXContainerItemProxy */;
		};
		5381836F1D907A9900F8E72A /* PBXTargetDependency */ = {
			isa = PBXTargetDependency;
			target = 5381834D1D907A9800F8E72A /* perception_ios */;
			targetProxy = 5381836E1D907A9900F8E72A /* PBXContainerItemProxy */;
		};
		5381839B1D907C9300F8E72A /* PBXTargetDependency */ = {
			isa = PBXTargetDependency;
			name = "Alamofire iOS";
			targetProxy = 5381839A1D907C9300F8E72A /* PBXContainerItemProxy */;
		};
		53A625651DB4603100B64CA4 /* PBXTargetDependency */ = {
			isa = PBXTargetDependency;
			name = FontAwesome;
			targetProxy = 53A625641DB4603100B64CA4 /* PBXContainerItemProxy */;
		};
		53D97F9F1D9C8374005602C0 /* PBXTargetDependency */ = {
			isa = PBXTargetDependency;
			name = "SwiftyJSON iOS";
			targetProxy = 53D97F9E1D9C8374005602C0 /* PBXContainerItemProxy */;
		};
/* End PBXTargetDependency section */

/* Begin PBXVariantGroup section */
		538183551D907A9900F8E72A /* Main.storyboard */ = {
			isa = PBXVariantGroup;
			children = (
				538183561D907A9900F8E72A /* Base */,
			);
			name = Main.storyboard;
			sourceTree = "<group>";
		};
		5381835A1D907A9900F8E72A /* LaunchScreen.storyboard */ = {
			isa = PBXVariantGroup;
			children = (
				5381835B1D907A9900F8E72A /* Base */,
			);
			name = LaunchScreen.storyboard;
			sourceTree = "<group>";
		};
/* End PBXVariantGroup section */

/* Begin XCBuildConfiguration section */
		538183741D907A9900F8E72A /* Debug */ = {
			isa = XCBuildConfiguration;
			buildSettings = {
				ALWAYS_SEARCH_USER_PATHS = NO;
				CLANG_ANALYZER_NONNULL = YES;
				CLANG_CXX_LANGUAGE_STANDARD = "gnu++0x";
				CLANG_CXX_LIBRARY = "libc++";
				CLANG_ENABLE_MODULES = YES;
				CLANG_ENABLE_OBJC_ARC = YES;
				CLANG_WARN_BOOL_CONVERSION = YES;
				CLANG_WARN_CONSTANT_CONVERSION = YES;
				CLANG_WARN_DIRECT_OBJC_ISA_USAGE = YES_ERROR;
				CLANG_WARN_DOCUMENTATION_COMMENTS = YES;
				CLANG_WARN_EMPTY_BODY = YES;
				CLANG_WARN_ENUM_CONVERSION = YES;
				CLANG_WARN_INFINITE_RECURSION = YES;
				CLANG_WARN_INT_CONVERSION = YES;
				CLANG_WARN_OBJC_ROOT_CLASS = YES_ERROR;
				CLANG_WARN_SUSPICIOUS_MOVES = YES;
				CLANG_WARN_UNREACHABLE_CODE = YES;
				CLANG_WARN__DUPLICATE_METHOD_MATCH = YES;
				"CODE_SIGN_IDENTITY[sdk=iphoneos*]" = "iPhone Developer";
				COPY_PHASE_STRIP = NO;
				DEBUG_INFORMATION_FORMAT = dwarf;
				ENABLE_STRICT_OBJC_MSGSEND = YES;
				ENABLE_TESTABILITY = YES;
				GCC_C_LANGUAGE_STANDARD = gnu99;
				GCC_DYNAMIC_NO_PIC = NO;
				GCC_NO_COMMON_BLOCKS = YES;
				GCC_OPTIMIZATION_LEVEL = 0;
				GCC_PREPROCESSOR_DEFINITIONS = (
					"DEBUG=1",
					"$(inherited)",
				);
				GCC_WARN_64_TO_32_BIT_CONVERSION = YES;
				GCC_WARN_ABOUT_RETURN_TYPE = YES_ERROR;
				GCC_WARN_UNDECLARED_SELECTOR = YES;
				GCC_WARN_UNINITIALIZED_AUTOS = YES_AGGRESSIVE;
				GCC_WARN_UNUSED_FUNCTION = YES;
				GCC_WARN_UNUSED_VARIABLE = YES;
				IPHONEOS_DEPLOYMENT_TARGET = 10.0;
				MTL_ENABLE_DEBUG_INFO = YES;
				ONLY_ACTIVE_ARCH = YES;
				SDKROOT = iphoneos;
				SWIFT_ACTIVE_COMPILATION_CONDITIONS = DEBUG;
				SWIFT_OPTIMIZATION_LEVEL = "-Onone";
			};
			name = Debug;
		};
		538183751D907A9900F8E72A /* Release */ = {
			isa = XCBuildConfiguration;
			buildSettings = {
				ALWAYS_SEARCH_USER_PATHS = NO;
				CLANG_ANALYZER_NONNULL = YES;
				CLANG_CXX_LANGUAGE_STANDARD = "gnu++0x";
				CLANG_CXX_LIBRARY = "libc++";
				CLANG_ENABLE_MODULES = YES;
				CLANG_ENABLE_OBJC_ARC = YES;
				CLANG_WARN_BOOL_CONVERSION = YES;
				CLANG_WARN_CONSTANT_CONVERSION = YES;
				CLANG_WARN_DIRECT_OBJC_ISA_USAGE = YES_ERROR;
				CLANG_WARN_DOCUMENTATION_COMMENTS = YES;
				CLANG_WARN_EMPTY_BODY = YES;
				CLANG_WARN_ENUM_CONVERSION = YES;
				CLANG_WARN_INFINITE_RECURSION = YES;
				CLANG_WARN_INT_CONVERSION = YES;
				CLANG_WARN_OBJC_ROOT_CLASS = YES_ERROR;
				CLANG_WARN_SUSPICIOUS_MOVES = YES;
				CLANG_WARN_UNREACHABLE_CODE = YES;
				CLANG_WARN__DUPLICATE_METHOD_MATCH = YES;
				"CODE_SIGN_IDENTITY[sdk=iphoneos*]" = "iPhone Developer";
				COPY_PHASE_STRIP = NO;
				DEBUG_INFORMATION_FORMAT = "dwarf-with-dsym";
				ENABLE_NS_ASSERTIONS = NO;
				ENABLE_STRICT_OBJC_MSGSEND = YES;
				GCC_C_LANGUAGE_STANDARD = gnu99;
				GCC_NO_COMMON_BLOCKS = YES;
				GCC_WARN_64_TO_32_BIT_CONVERSION = YES;
				GCC_WARN_ABOUT_RETURN_TYPE = YES_ERROR;
				GCC_WARN_UNDECLARED_SELECTOR = YES;
				GCC_WARN_UNINITIALIZED_AUTOS = YES_AGGRESSIVE;
				GCC_WARN_UNUSED_FUNCTION = YES;
				GCC_WARN_UNUSED_VARIABLE = YES;
				IPHONEOS_DEPLOYMENT_TARGET = 10.0;
				MTL_ENABLE_DEBUG_INFO = NO;
				SDKROOT = iphoneos;
				SWIFT_OPTIMIZATION_LEVEL = "-Owholemodule";
				VALIDATE_PRODUCT = YES;
			};
			name = Release;
		};
		538183771D907A9900F8E72A /* Debug */ = {
			isa = XCBuildConfiguration;
			buildSettings = {
				ALWAYS_EMBED_SWIFT_STANDARD_LIBRARIES = YES;
				ASSETCATALOG_COMPILER_APPICON_NAME = AppIcon;
				CODE_SIGN_ENTITLEMENTS = perception_ios/perception_ios.entitlements;
				DEVELOPMENT_TEAM = Q3Q7QT67NG;
				INFOPLIST_FILE = perception_ios/Info.plist;
				LD_RUNPATH_SEARCH_PATHS = "$(inherited) @executable_path/Frameworks";
				PRODUCT_BUNDLE_IDENTIFIER = "Personal.perception-ios";
				PRODUCT_NAME = "$(TARGET_NAME)";
				SWIFT_VERSION = 3.0;
				TARGETED_DEVICE_FAMILY = 1;
			};
			name = Debug;
		};
		538183781D907A9900F8E72A /* Release */ = {
			isa = XCBuildConfiguration;
			buildSettings = {
				ALWAYS_EMBED_SWIFT_STANDARD_LIBRARIES = YES;
				ASSETCATALOG_COMPILER_APPICON_NAME = AppIcon;
				CODE_SIGN_ENTITLEMENTS = perception_ios/perception_ios.entitlements;
				DEVELOPMENT_TEAM = Q3Q7QT67NG;
				INFOPLIST_FILE = perception_ios/Info.plist;
				LD_RUNPATH_SEARCH_PATHS = "$(inherited) @executable_path/Frameworks";
				PRODUCT_BUNDLE_IDENTIFIER = "Personal.perception-ios";
				PRODUCT_NAME = "$(TARGET_NAME)";
				SWIFT_VERSION = 3.0;
				TARGETED_DEVICE_FAMILY = 1;
			};
			name = Release;
		};
		5381837A1D907A9900F8E72A /* Debug */ = {
			isa = XCBuildConfiguration;
			buildSettings = {
				ALWAYS_EMBED_SWIFT_STANDARD_LIBRARIES = YES;
				BUNDLE_LOADER = "$(TEST_HOST)";
				INFOPLIST_FILE = perception_iosTests/Info.plist;
				LD_RUNPATH_SEARCH_PATHS = "$(inherited) @executable_path/Frameworks @loader_path/Frameworks";
				PRODUCT_BUNDLE_IDENTIFIER = "Personal.perception-iosTests";
				PRODUCT_NAME = "$(TARGET_NAME)";
				SWIFT_VERSION = 3.0;
				TEST_HOST = "$(BUILT_PRODUCTS_DIR)/perception_ios.app/perception_ios";
			};
			name = Debug;
		};
		5381837B1D907A9900F8E72A /* Release */ = {
			isa = XCBuildConfiguration;
			buildSettings = {
				ALWAYS_EMBED_SWIFT_STANDARD_LIBRARIES = YES;
				BUNDLE_LOADER = "$(TEST_HOST)";
				INFOPLIST_FILE = perception_iosTests/Info.plist;
				LD_RUNPATH_SEARCH_PATHS = "$(inherited) @executable_path/Frameworks @loader_path/Frameworks";
				PRODUCT_BUNDLE_IDENTIFIER = "Personal.perception-iosTests";
				PRODUCT_NAME = "$(TARGET_NAME)";
				SWIFT_VERSION = 3.0;
				TEST_HOST = "$(BUILT_PRODUCTS_DIR)/perception_ios.app/perception_ios";
			};
			name = Release;
		};
		5381837D1D907A9900F8E72A /* Debug */ = {
			isa = XCBuildConfiguration;
			buildSettings = {
				ALWAYS_EMBED_SWIFT_STANDARD_LIBRARIES = YES;
				INFOPLIST_FILE = perception_iosUITests/Info.plist;
				LD_RUNPATH_SEARCH_PATHS = "$(inherited) @executable_path/Frameworks @loader_path/Frameworks";
				PRODUCT_BUNDLE_IDENTIFIER = "Personal.perception-iosUITests";
				PRODUCT_NAME = "$(TARGET_NAME)";
				SWIFT_VERSION = 3.0;
				TEST_TARGET_NAME = perception_ios;
			};
			name = Debug;
		};
		5381837E1D907A9900F8E72A /* Release */ = {
			isa = XCBuildConfiguration;
			buildSettings = {
				ALWAYS_EMBED_SWIFT_STANDARD_LIBRARIES = YES;
				INFOPLIST_FILE = perception_iosUITests/Info.plist;
				LD_RUNPATH_SEARCH_PATHS = "$(inherited) @executable_path/Frameworks @loader_path/Frameworks";
				PRODUCT_BUNDLE_IDENTIFIER = "Personal.perception-iosUITests";
				PRODUCT_NAME = "$(TARGET_NAME)";
				SWIFT_VERSION = 3.0;
				TEST_TARGET_NAME = perception_ios;
			};
			name = Release;
		};
/* End XCBuildConfiguration section */

/* Begin XCConfigurationList section */
		538183491D907A9800F8E72A /* Build configuration list for PBXProject "perception_ios" */ = {
			isa = XCConfigurationList;
			buildConfigurations = (
				538183741D907A9900F8E72A /* Debug */,
				538183751D907A9900F8E72A /* Release */,
			);
			defaultConfigurationIsVisible = 0;
			defaultConfigurationName = Release;
		};
		538183761D907A9900F8E72A /* Build configuration list for PBXNativeTarget "perception_ios" */ = {
			isa = XCConfigurationList;
			buildConfigurations = (
				538183771D907A9900F8E72A /* Debug */,
				538183781D907A9900F8E72A /* Release */,
			);
			defaultConfigurationIsVisible = 0;
			defaultConfigurationName = Release;
		};
		538183791D907A9900F8E72A /* Build configuration list for PBXNativeTarget "perception_iosTests" */ = {
			isa = XCConfigurationList;
			buildConfigurations = (
				5381837A1D907A9900F8E72A /* Debug */,
				5381837B1D907A9900F8E72A /* Release */,
			);
			defaultConfigurationIsVisible = 0;
			defaultConfigurationName = Release;
		};
		5381837C1D907A9900F8E72A /* Build configuration list for PBXNativeTarget "perception_iosUITests" */ = {
			isa = XCConfigurationList;
			buildConfigurations = (
				5381837D1D907A9900F8E72A /* Debug */,
				5381837E1D907A9900F8E72A /* Release */,
			);
			defaultConfigurationIsVisible = 0;
			defaultConfigurationName = Release;
		};
/* End XCConfigurationList section */
	};
	rootObject = 538183461D907A9800F8E72A /* Project object */;
}
